
Microsoft Visual Studio Solution File, Format Version 12.00
# Visual Studio Version 16
VisualStudioVersion = 16.0.32106.194
MinimumVisualStudioVersion = 10.0.40219.1
Project("{FAE04EC0-301F-11D3-BF4B-00C04F79EFBC}") = "NetCoreWinConsoleWAM", "NetCoreWinConsoleWAM\NetCoreWinConsoleWAM.csproj", "{9DE4AE13-4ABA-4A79-ACD5-2ED8C68B037B}"
EndProject
Project("{FAE04EC0-301F-11D3-BF4B-00C04F79EFBC}") = "TestProject1", "TestProject1\TestProject1.csproj", "{138080A1-097C-41F6-94C0-E35B8F18E50B}"
EndProject
Global
	GlobalSection(SolutionConfigurationPlatforms) = preSolution
		Debug|Any CPU = Debug|Any CPU
		Release|Any CPU = Release|Any CPU
	EndGlobalSection
	GlobalSection(ProjectConfigurationPlatforms) = postSolution
		{9DE4AE13-4ABA-4A79-ACD5-2ED8C68B037B}.Debug|Any CPU.ActiveCfg = Debug|Any CPU
		{9DE4AE13-4ABA-4A79-ACD5-2ED8C68B037B}.Debug|Any CPU.Build.0 = Debug|Any CPU
		{9DE4AE13-4ABA-4A79-ACD5-2ED8C68B037B}.Release|Any CPU.ActiveCfg = Release|Any CPU
		{9DE4AE13-4ABA-4A79-ACD5-2ED8C68B037B}.Release|Any CPU.Build.0 = Release|Any CPU
		{138080A1-097C-41F6-94C0-E35B8F18E50B}.Debug|Any CPU.ActiveCfg = Debug|Any CPU
		{138080A1-097C-41F6-94C0-E35B8F18E50B}.Debug|Any CPU.Build.0 = Debug|Any CPU
		{138080A1-097C-41F6-94C0-E35B8F18E50B}.Release|Any CPU.ActiveCfg = Release|Any CPU
		{138080A1-097C-41F6-94C0-E35B8F18E50B}.Release|Any CPU.Build.0 = Release|Any CPU
	EndGlobalSection
	GlobalSection(SolutionProperties) = preSolution
		HideSolutionNode = FALSE
	EndGlobalSection
	GlobalSection(ExtensibilityGlobals) = postSolution
		SolutionGuid = {EE643E0B-52B9-47C4-A37B-3D9302AC6825}
	EndGlobalSection
EndGlobal
